
Microsoft Visual Studio Solution File, Format Version 12.00
# Visual Studio Version 17
VisualStudioVersion = 17.8.34525.116
MinimumVisualStudioVersion = 10.0.40219.1
Project("{FAE04EC0-301F-11D3-BF4B-00C04F79EFBC}") = "MetodologiasAgeis", "MetodologiasAgeis\MetodologiasAgeis.csproj", "{A6D55EAB-3565-4369-8636-3EC17ED85567}"
EndProject
Global
	GlobalSection(SolutionConfigurationPlatforms) = preSolution
		Debug|Any CPU = Debug|Any CPU
		Release|Any CPU = Release|Any CPU
	EndGlobalSection
	GlobalSection(ProjectConfigurationPlatforms) = postSolution
		{A6D55EAB-3565-4369-8636-3EC17ED85567}.Debug|Any CPU.ActiveCfg = Debug|Any CPU
		{A6D55EAB-3565-4369-8636-3EC17ED85567}.Debug|Any CPU.Build.0 = Debug|Any CPU
		{A6D55EAB-3565-4369-8636-3EC17ED85567}.Release|Any CPU.ActiveCfg = Release|Any CPU
		{A6D55EAB-3565-4369-8636-3EC17ED85567}.Release|Any CPU.Build.0 = Release|Any CPU
	EndGlobalSection
	GlobalSection(SolutionProperties) = preSolution
		HideSolutionNode = FALSE
	EndGlobalSection
	GlobalSection(ExtensibilityGlobals) = postSolution
		SolutionGuid = {1ACC5916-4748-477C-AAE1-BF2660E7B468}
	EndGlobalSection
EndGlobal
